
Microsoft Visual Studio Solution File, Format Version 12.00
# Visual Studio Version 16
VisualStudioVersion = 16.0.30011.22
MinimumVisualStudioVersion = 10.0.40219.1
Project("{FAE04EC0-301F-11D3-BF4B-00C04F79EFBC}") = "List", "List\List.csproj", "{A038B161-AA5F-41C5-89F9-9EA3354096ED}"
EndProject
Project("{FAE04EC0-301F-11D3-BF4B-00C04F79EFBC}") = "BinTree", "BinTree\BinTree.csproj", "{70371131-E497-490E-8D5F-744E35F11022}"
EndProject
Project("{FAE04EC0-301F-11D3-BF4B-00C04F79EFBC}") = "InsertionSort", "InsertionSort\InsertionSort.csproj", "{0B45FDD2-8649-4A41-A9DF-92ECE05E0CE7}"
EndProject
Global
	GlobalSection(SolutionConfigurationPlatforms) = preSolution
		Debug|Any CPU = Debug|Any CPU
		Release|Any CPU = Release|Any CPU
	EndGlobalSection
	GlobalSection(ProjectConfigurationPlatforms) = postSolution
		{A038B161-AA5F-41C5-89F9-9EA3354096ED}.Debug|Any CPU.ActiveCfg = Debug|Any CPU
		{A038B161-AA5F-41C5-89F9-9EA3354096ED}.Debug|Any CPU.Build.0 = Debug|Any CPU
		{A038B161-AA5F-41C5-89F9-9EA3354096ED}.Release|Any CPU.ActiveCfg = Release|Any CPU
		{A038B161-AA5F-41C5-89F9-9EA3354096ED}.Release|Any CPU.Build.0 = Release|Any CPU
		{70371131-E497-490E-8D5F-744E35F11022}.Debug|Any CPU.ActiveCfg = Debug|Any CPU
		{70371131-E497-490E-8D5F-744E35F11022}.Debug|Any CPU.Build.0 = Debug|Any CPU
		{70371131-E497-490E-8D5F-744E35F11022}.Release|Any CPU.ActiveCfg = Release|Any CPU
		{70371131-E497-490E-8D5F-744E35F11022}.Release|Any CPU.Build.0 = Release|Any CPU
		{0B45FDD2-8649-4A41-A9DF-92ECE05E0CE7}.Debug|Any CPU.ActiveCfg = Debug|Any CPU
		{0B45FDD2-8649-4A41-A9DF-92ECE05E0CE7}.Debug|Any CPU.Build.0 = Debug|Any CPU
		{0B45FDD2-8649-4A41-A9DF-92ECE05E0CE7}.Release|Any CPU.ActiveCfg = Release|Any CPU
		{0B45FDD2-8649-4A41-A9DF-92ECE05E0CE7}.Release|Any CPU.Build.0 = Release|Any CPU
	EndGlobalSection
	GlobalSection(SolutionProperties) = preSolution
		HideSolutionNode = FALSE
	EndGlobalSection
	GlobalSection(ExtensibilityGlobals) = postSolution
		SolutionGuid = {5FF7C3D9-B6A9-4AC4-A563-824EC8E58EB2}
	EndGlobalSection
EndGlobal
